
Microsoft Visual Studio Solution File, Format Version 12.00
# Visual Studio Version 17
VisualStudioVersion = 17.11.35208.52
MinimumVisualStudioVersion = 10.0.40219.1
Project("{9A19103F-16F7-4668-BE54-9A1E7A4F7556}") = "Vehix.WebAPI", "Vehix.WebAPI\Vehix.WebAPI.csproj", "{CD96D1C0-4277-4B07-8EE8-5745E608EB8D}"
EndProject
Global
	GlobalSection(SolutionConfigurationPlatforms) = preSolution
		Debug|Any CPU = Debug|Any CPU
		Release|Any CPU = Release|Any CPU
	EndGlobalSection
	GlobalSection(ProjectConfigurationPlatforms) = postSolution
		{CD96D1C0-4277-4B07-8EE8-5745E608EB8D}.Debug|Any CPU.ActiveCfg = Debug|Any CPU
		{CD96D1C0-4277-4B07-8EE8-5745E608EB8D}.Debug|Any CPU.Build.0 = Debug|Any CPU
		{CD96D1C0-4277-4B07-8EE8-5745E608EB8D}.Release|Any CPU.ActiveCfg = Release|Any CPU
		{CD96D1C0-4277-4B07-8EE8-5745E608EB8D}.Release|Any CPU.Build.0 = Release|Any CPU
	EndGlobalSection
	GlobalSection(SolutionProperties) = preSolution
		HideSolutionNode = FALSE
	EndGlobalSection
	GlobalSection(ExtensibilityGlobals) = postSolution
		SolutionGuid = {6D5D39F8-B150-4801-8B83-17CDC100076A}
	EndGlobalSection
EndGlobal
